
Microsoft Visual Studio Solution File, Format Version 12.00
# Visual Studio Version 17
VisualStudioVersion = 17.7.34202.233
MinimumVisualStudioVersion = 10.0.40219.1
Project("{9A19103F-16F7-4668-BE54-9A1E7A4F7556}") = "RoomAvailabilityAutomationFunctionApp", "RoomAvailabilityAutomationFunctionApp.csproj", "{00283C50-9B0C-4FD5-A78E-A0F142651BFE}"
EndProject
Project("{9A19103F-16F7-4668-BE54-9A1E7A4F7556}") = "RoomAvailabilityAutomationTestProject", "..\RoomAvailabilityAutomationTestProject\RoomAvailabilityAutomationTestProject.csproj", "{8E36AFC1-BE08-4534-8522-82319D241E22}"
EndProject
Global
	GlobalSection(SolutionConfigurationPlatforms) = preSolution
		Debug|Any CPU = Debug|Any CPU
		Release|Any CPU = Release|Any CPU
	EndGlobalSection
	GlobalSection(ProjectConfigurationPlatforms) = postSolution
		{00283C50-9B0C-4FD5-A78E-A0F142651BFE}.Debug|Any CPU.ActiveCfg = Debug|Any CPU
		{00283C50-9B0C-4FD5-A78E-A0F142651BFE}.Debug|Any CPU.Build.0 = Debug|Any CPU
		{00283C50-9B0C-4FD5-A78E-A0F142651BFE}.Release|Any CPU.ActiveCfg = Release|Any CPU
		{00283C50-9B0C-4FD5-A78E-A0F142651BFE}.Release|Any CPU.Build.0 = Release|Any CPU
		{8E36AFC1-BE08-4534-8522-82319D241E22}.Debug|Any CPU.ActiveCfg = Debug|Any CPU
		{8E36AFC1-BE08-4534-8522-82319D241E22}.Debug|Any CPU.Build.0 = Debug|Any CPU
		{8E36AFC1-BE08-4534-8522-82319D241E22}.Release|Any CPU.ActiveCfg = Release|Any CPU
		{8E36AFC1-BE08-4534-8522-82319D241E22}.Release|Any CPU.Build.0 = Release|Any CPU
	EndGlobalSection
	GlobalSection(SolutionProperties) = preSolution
		HideSolutionNode = FALSE
	EndGlobalSection
	GlobalSection(ExtensibilityGlobals) = postSolution
		SolutionGuid = {5079A202-B26F-4B1B-A314-628E02ED048D}
	EndGlobalSection
EndGlobal
